<?xml version="1.0" encoding="utf-8"?>
<Project ToolsVersion="4.0" xmlns="http://schemas.microsoft.com/developer/msbuild/2003">
  <ItemGroup>
    <Filter Include="Source Files">
      <UniqueIdentifier>{4FC737F1-C7A5-4376-A066-2A32D752A2FF}</UniqueIdentifier>
      <Extensions>cpp;c;cc;cxx;c++;cppm;ixx;def;odl;idl;hpj;bat;asm;asmx</Extensions>
    </Filter>
    <Filter Include="Header Files">
      <UniqueIdentifier>{93995380-89BD-4b04-88EB-625FBE52EBFB}</UniqueIdentifier>
      <Extensions>h;hh;hpp;hxx;h++;hm;inl;inc;ipp;xsd</Extensions>
    </Filter>
    <Filter Include="Resource Files">
      <UniqueIdentifier>{67DA6AB6-F800-4c08-8B7A-83BB121AAD01}</UniqueIdentifier>
      <Extensions>rc;ico;cur;bmp;dlg;rc2;rct;bin;rgs;gif;jpg;jpeg;jpe;resx;tiff;tif;png;wav;mfcribbon-ms</Extensions>
    </Filter>
  </ItemGroup>
  <ItemGroup>
    <ClCompile Include="MiniDb.cpp">
      <Filter>Source Files</Filter>
    </ClCompile>
    <ClCompile Include="src\Table\Table.cpp">
      <Filter>Source Files</Filter>
    </ClCompile>
    <ClCompile Include="src\Config\Config.cpp">
      <Filter>Source Files</Filter>
    </ClCompile>
    <ClCompile Include="src\Database\Database.cpp">
      <Filter>Source Files</Filter>
    </ClCompile>
    <ClCompile Include="src\Table\Column.cpp">
      <Filter>Source Files</Filter>
    </ClCompile>
    <ClCompile Include="src\Table\TableDataWriter.cpp">
      <Filter>Source Files</Filter>
    </ClCompile>
    <ClCompile Include="src\Table\QueryCondition.cpp">
      <Filter>Source Files</Filter>
    </ClCompile>
    <ClCompile Include="src\Table\TableMetadata.cpp">
      <Filter>Source Files</Filter>
    </ClCompile>
    <ClCompile Include="src\Utils\DateTimeUtils.cpp">
      <Filter>Source Files</Filter>
    </ClCompile>
    <ClCompile Include="src\Table\ColumnUpdate.cpp">
      <Filter>Source Files</Filter>
    </ClCompile>
    <ClCompile Include="src\Console\Console.cpp">
      <Filter>Source Files</Filter>
    </ClCompile>
    <ClCompile Include="src\Executors\SelectExecutor.cpp">
      <Filter>Source Files</Filter>
    </ClCompile>
    <ClCompile Include="src\SqlParser\SQLParser.cpp">
      <Filter>Source Files</Filter>
    </ClCompile>
    <ClCompile Include="src\SqlParser\SQLParserResult.cpp">
      <Filter>Source Files</Filter>
    </ClCompile>
    <ClCompile Include="src\SqlParser\parser\bison_parser.cpp">
      <Filter>Source Files</Filter>
    </ClCompile>
    <ClCompile Include="src\SqlParser\parser\flex_lexer.cpp">
      <Filter>Source Files</Filter>
    </ClCompile>
    <ClCompile Include="src\SqlParser\sql\CreateStatement.cpp">
      <Filter>Source Files</Filter>
    </ClCompile>
    <ClCompile Include="src\SqlParser\sql\Expr.cpp">
      <Filter>Source Files</Filter>
    </ClCompile>
    <ClCompile Include="src\SqlParser\sql\PrepareStatement.cpp">
      <Filter>Source Files</Filter>
    </ClCompile>
    <ClCompile Include="src\SqlParser\sql\SQLStatement.cpp">
      <Filter>Source Files</Filter>
    </ClCompile>
    <ClCompile Include="src\SqlParser\sql\statements.cpp">
      <Filter>Source Files</Filter>
    </ClCompile>
    <ClCompile Include="src\SqlParser\util\sqlhelper.cpp">
      <Filter>Source Files</Filter>
    </ClCompile>
    <ClCompile Include="src\Statement\SelectStatement.cpp">
      <Filter>Source Files</Filter>
    </ClCompile>
    <ClCompile Include="src\Statement\Statement.cpp">
      <Filter>Source Files</Filter>
    </ClCompile>
    <ClCompile Include="src\Table\Rows.cpp">
      <Filter>Source Files</Filter>
    </ClCompile>
    <ClCompile Include="src\Table\Row.cpp">
      <Filter>Source Files</Filter>
    </ClCompile>
  </ItemGroup>
  <ItemGroup>
    <ClInclude Include="src\Config\Config.h">
      <Filter>Header Files</Filter>
    </ClInclude>
    <ClInclude Include="src\Table\Table.h">
      <Filter>Header Files</Filter>
    </ClInclude>
    <ClInclude Include="src\Database\Database.h">
      <Filter>Header Files</Filter>
    </ClInclude>
    <ClInclude Include="src\Table\Column.h">
      <Filter>Header Files</Filter>
    </ClInclude>
    <ClInclude Include="src\Table\TableDataWriter.h">
      <Filter>Header Files</Filter>
    </ClInclude>
    <ClInclude Include="src\Constants.h">
      <Filter>Header Files</Filter>
    </ClInclude>
    <ClInclude Include="src\Table\QueryCondition.h">
      <Filter>Header Files</Filter>
    </ClInclude>
    <ClInclude Include="src\Table\TableMetadata.h">
      <Filter>Header Files</Filter>
    </ClInclude>
    <ClInclude Include="src\ErrorHandling.h">
      <Filter>Header Files</Filter>
    </ClInclude>
    <ClInclude Include="src\Utils\DateTimeUtils.h">
      <Filter>Header Files</Filter>
    </ClInclude>
    <ClInclude Include="src\Table\ColumnUpdate.h">
      <Filter>Header Files</Filter>
    </ClInclude>
    <ClInclude Include="src\Console\Console.h">
      <Filter>Header Files</Filter>
    </ClInclude>
    <ClInclude Include="src\Executors\SelectExecutor.h">
      <Filter>Header Files</Filter>
    </ClInclude>
    <ClInclude Include="src\SqlParser\SQLParser.h">
      <Filter>Header Files</Filter>
    </ClInclude>
    <ClInclude Include="src\SqlParser\SQLParserResult.h">
      <Filter>Header Files</Filter>
    </ClInclude>
    <ClInclude Include="src\SqlParser\parser\bison_parser.h">
      <Filter>Header Files</Filter>
    </ClInclude>
    <ClInclude Include="src\SqlParser\PlatformCompatibility.h">
      <Filter>Header Files</Filter>
    </ClInclude>
    <ClInclude Include="src\SqlParser\parser\flex_lexer.h">
      <Filter>Header Files</Filter>
    </ClInclude>
    <ClInclude Include="src\SqlParser\parser\parser_typedef.h">
      <Filter>Header Files</Filter>
    </ClInclude>
    <ClInclude Include="src\SqlParser\sql\AlterStatement.h">
      <Filter>Header Files</Filter>
    </ClInclude>
    <ClInclude Include="src\SqlParser\sql\ColumnType.h">
      <Filter>Header Files</Filter>
    </ClInclude>
    <ClInclude Include="src\SqlParser\sql\CreateStatement.h">
      <Filter>Header Files</Filter>
    </ClInclude>
    <ClInclude Include="src\SqlParser\sql\DeleteStatement.h">
      <Filter>Header Files</Filter>
    </ClInclude>
    <ClInclude Include="src\SqlParser\sql\DropStatement.h">
      <Filter>Header Files</Filter>
    </ClInclude>
    <ClInclude Include="src\SqlParser\sql\ExecuteStatement.h">
      <Filter>Header Files</Filter>
    </ClInclude>
    <ClInclude Include="src\SqlParser\sql\ExportStatement.h">
      <Filter>Header Files</Filter>
    </ClInclude>
    <ClInclude Include="src\SqlParser\sql\Expr.h">
      <Filter>Header Files</Filter>
    </ClInclude>
    <ClInclude Include="src\SqlParser\sql\ImportExportOptions.h">
      <Filter>Header Files</Filter>
    </ClInclude>
    <ClInclude Include="src\SqlParser\sql\ImportStatement.h">
      <Filter>Header Files</Filter>
    </ClInclude>
    <ClInclude Include="src\SqlParser\sql\InsertStatement.h">
      <Filter>Header Files</Filter>
    </ClInclude>
    <ClInclude Include="src\SqlParser\sql\PrepareStatement.h">
      <Filter>Header Files</Filter>
    </ClInclude>
    <ClInclude Include="src\SqlParser\sql\SelectStatement.h">
      <Filter>Header Files</Filter>
    </ClInclude>
    <ClInclude Include="src\SqlParser\sql\ShowStatement.h">
      <Filter>Header Files</Filter>
    </ClInclude>
    <ClInclude Include="src\SqlParser\sql\SQLStatement.h">
      <Filter>Header Files</Filter>
    </ClInclude>
    <ClInclude Include="src\SqlParser\sql\statements.h">
      <Filter>Header Files</Filter>
    </ClInclude>
    <ClInclude Include="src\SqlParser\sql\Table.h">
      <Filter>Header Files</Filter>
    </ClInclude>
    <ClInclude Include="src\SqlParser\sql\TransactionStatement.h">
      <Filter>Header Files</Filter>
    </ClInclude>
    <ClInclude Include="src\SqlParser\sql\UpdateStatement.h">
      <Filter>Header Files</Filter>
    </ClInclude>
    <ClInclude Include="src\SqlParser\util\sqlhelper.h">
      <Filter>Header Files</Filter>
    </ClInclude>
    <ClInclude Include="src\Statement\SelectStatement.h">
      <Filter>Header Files</Filter>
    </ClInclude>
    <ClInclude Include="src\Statement\Statement.h">
      <Filter>Header Files</Filter>
    </ClInclude>
    <ClInclude Include="src\Table\Rows.h">
      <Filter>Header Files</Filter>
    </ClInclude>
    <ClInclude Include="src\Table\Row.h">
      <Filter>Header Files</Filter>
    </ClInclude>
  </ItemGroup>
  <ItemGroup>
    <CopyFileToFolders Include="config.ini" />
  </ItemGroup>
  <ItemGroup>
    <None Include="src\SqlParser\parser\.gitignore" />
    <None Include="src\SqlParser\parser\bison_parser.y" />
    <None Include="src\SqlParser\parser\flex_lexer.l" />
    <None Include="src\SqlParser\parser\keywordlist_generator.py" />
    <None Include="src\SqlParser\parser\Makefile" />
  </ItemGroup>
  <ItemGroup>
    <Text Include="src\SqlParser\parser\sql_keywords.txt" />
  </ItemGroup>
</Project>