<?xml version="1.0" encoding="utf-8"?>
<Project ToolsVersion="4.0" xmlns="http://schemas.microsoft.com/developer/msbuild/2003">
  <ItemGroup>
    <Filter Include="Source Files">
      <UniqueIdentifier>{4FC737F1-C7A5-4376-A066-2A32D752A2FF}</UniqueIdentifier>
      <Extensions>cpp;c;cc;cxx;c++;cppm;ixx;def;odl;idl;hpj;bat;asm;asmx</Extensions>
    </Filter>
    <Filter Include="Header Files">
      <UniqueIdentifier>{93995380-89BD-4b04-88EB-625FBE52EBFB}</UniqueIdentifier>
      <Extensions>h;hh;hpp;hxx;h++;hm;inl;inc;ipp;xsd</Extensions>
    </Filter>
    <Filter Include="Resource Files">
      <UniqueIdentifier>{67DA6AB6-F800-4c08-8B7A-83BB121AAD01}</UniqueIdentifier>
      <Extensions>rc;ico;cur;bmp;dlg;rc2;rct;bin;rgs;gif;jpg;jpeg;jpe;resx;tiff;tif;png;wav;mfcribbon-ms</Extensions>
    </Filter>
    <Filter Include="Table">
      <UniqueIdentifier>{4ac2d681-f91a-4675-9969-fa5b2e860eb7}</UniqueIdentifier>
    </Filter>
    <Filter Include="Console">
      <UniqueIdentifier>{463873f0-3e8f-4ca2-b9d6-6e06f6dede8b}</UniqueIdentifier>
    </Filter>
    <Filter Include="Database">
      <UniqueIdentifier>{4ff03633-d119-4922-b44a-84b51aeb73cb}</UniqueIdentifier>
    </Filter>
    <Filter Include="Config">
      <UniqueIdentifier>{94cdc92f-8669-4826-acd9-bd4eb28a1c3b}</UniqueIdentifier>
    </Filter>
    <Filter Include="SqlParser">
      <UniqueIdentifier>{490a4055-dc2d-47df-85df-f468dfa93422}</UniqueIdentifier>
    </Filter>
    <Filter Include="SqlParser\parser">
      <UniqueIdentifier>{c665266a-9d04-4aa5-a822-36dbd6f30bac}</UniqueIdentifier>
    </Filter>
    <Filter Include="SqlParser\util">
      <UniqueIdentifier>{38574a16-244f-4b01-8805-467aa8e9449c}</UniqueIdentifier>
    </Filter>
    <Filter Include="SqlParser\sql">
      <UniqueIdentifier>{67ce6d9e-514a-418a-90f4-290c26cd8fe0}</UniqueIdentifier>
    </Filter>
    <Filter Include="Utils">
      <UniqueIdentifier>{3592f73b-bf83-45e2-ad38-fffc4ba57cb7}</UniqueIdentifier>
    </Filter>
    <Filter Include="Statement">
      <UniqueIdentifier>{21131d92-b312-47b2-a780-48b37fd35492}</UniqueIdentifier>
    </Filter>
  </ItemGroup>
  <ItemGroup>
    <ClCompile Include="MiniDb.cpp">
      <Filter>Source Files</Filter>
    </ClCompile>
    <ClCompile Include="src\Table\QueryCondition.cpp">
      <Filter>Source Files</Filter>
    </ClCompile>
    <ClCompile Include="src\Table\Row.cpp">
      <Filter>Table</Filter>
    </ClCompile>
    <ClCompile Include="src\Table\Rows.cpp">
      <Filter>Table</Filter>
    </ClCompile>
    <ClCompile Include="src\Console\Console.cpp">
      <Filter>Console</Filter>
    </ClCompile>
    <ClCompile Include="src\Database\Database.cpp">
      <Filter>Database</Filter>
    </ClCompile>
    <ClCompile Include="src\Config\Config.cpp">
      <Filter>Config</Filter>
    </ClCompile>
    <ClCompile Include="src\Table\Table.cpp">
      <Filter>Table</Filter>
    </ClCompile>
    <ClCompile Include="src\Table\TableDataWriter.cpp">
      <Filter>Table</Filter>
    </ClCompile>
    <ClCompile Include="src\Table\Column.cpp">
      <Filter>Table</Filter>
    </ClCompile>
    <ClCompile Include="src\Table\ColumnUpdate.cpp">
      <Filter>Table</Filter>
    </ClCompile>
    <ClCompile Include="src\SqlParser\SQLParser.cpp">
      <Filter>SqlParser</Filter>
    </ClCompile>
    <ClCompile Include="src\SqlParser\SQLParserResult.cpp">
      <Filter>SqlParser</Filter>
    </ClCompile>
    <ClCompile Include="src\SqlParser\parser\bison_parser.cpp">
      <Filter>SqlParser\parser</Filter>
    </ClCompile>
    <ClCompile Include="src\SqlParser\parser\flex_lexer.cpp">
      <Filter>SqlParser\parser</Filter>
    </ClCompile>
    <ClCompile Include="src\SqlParser\util\sqlhelper.cpp">
      <Filter>SqlParser\util</Filter>
    </ClCompile>
    <ClCompile Include="src\SqlParser\sql\CreateStatement.cpp">
      <Filter>SqlParser\sql</Filter>
    </ClCompile>
    <ClCompile Include="src\SqlParser\sql\Expr.cpp">
      <Filter>SqlParser\sql</Filter>
    </ClCompile>
    <ClCompile Include="src\SqlParser\sql\PrepareStatement.cpp">
      <Filter>SqlParser\sql</Filter>
    </ClCompile>
    <ClCompile Include="src\SqlParser\sql\SQLStatement.cpp">
      <Filter>SqlParser\sql</Filter>
    </ClCompile>
    <ClCompile Include="src\SqlParser\sql\statements.cpp">
      <Filter>SqlParser\sql</Filter>
    </ClCompile>
    <ClCompile Include="src\Utils\DateTimeUtils.cpp">
      <Filter>Utils</Filter>
    </ClCompile>
    <ClCompile Include="src\Table\Columns.cpp">
      <Filter>Table</Filter>
    </ClCompile>
    <ClCompile Include="src\Statement\SelectStatement.cpp">
      <Filter>Statement</Filter>
    </ClCompile>
    <ClCompile Include="src\Statement\Statement.cpp">
      <Filter>Statement</Filter>
    </ClCompile>
    <ClCompile Include="src\Utils\StringUtils.cpp">
      <Filter>Utils</Filter>
    </ClCompile>
    <ClCompile Include="src\Table\QueryResult.cpp">
      <Filter>Table</Filter>
    </ClCompile>
    <ClCompile Include="src\Statement\QueryTableInfo.cpp">
      <Filter>Statement</Filter>
    </ClCompile>
    <ClCompile Include="src\Statement\QueryTablesOrder.cpp">
      <Filter>Statement</Filter>
    </ClCompile>
    <ClCompile Include="src\Statement\ParsedJoinCondition.cpp">
      <Filter>Statement</Filter>
    </ClCompile>
    <ClCompile Include="src\Statement\SelectedColumnInfo.cpp">
      <Filter>Statement</Filter>
    </ClCompile>
    <ClCompile Include="src\Statement\SelectedColumns.cpp">
      <Filter>Statement</Filter>
    </ClCompile>
  </ItemGroup>
  <ItemGroup>
    <ClInclude Include="src\Table\TableDataWriter.h">
      <Filter>Header Files</Filter>
    </ClInclude>
    <ClInclude Include="src\Constants.h">
      <Filter>Header Files</Filter>
    </ClInclude>
    <ClInclude Include="src\Table\QueryCondition.h">
      <Filter>Header Files</Filter>
    </ClInclude>
    <ClInclude Include="src\ErrorHandling.h">
      <Filter>Header Files</Filter>
    </ClInclude>
    <ClInclude Include="src\Executors\SelectExecutor.h">
      <Filter>Header Files</Filter>
    </ClInclude>
    <ClInclude Include="src\Table\Row.h">
      <Filter>Table</Filter>
    </ClInclude>
    <ClInclude Include="src\Table\Rows.h">
      <Filter>Table</Filter>
    </ClInclude>
    <ClInclude Include="src\Table\Table.h">
      <Filter>Table</Filter>
    </ClInclude>
    <ClInclude Include="src\SqlParser\SQLParser.h">
      <Filter>SqlParser</Filter>
    </ClInclude>
    <ClInclude Include="src\SqlParser\SQLParserResult.h">
      <Filter>SqlParser</Filter>
    </ClInclude>
    <ClInclude Include="src\SqlParser\PlatformCompatibility.h">
      <Filter>SqlParser</Filter>
    </ClInclude>
    <ClInclude Include="src\Database\Database.h">
      <Filter>Database</Filter>
    </ClInclude>
    <ClInclude Include="src\Config\Config.h">
      <Filter>Config</Filter>
    </ClInclude>
    <ClInclude Include="src\Console\Console.h">
      <Filter>Console</Filter>
    </ClInclude>
    <ClInclude Include="src\Table\Column.h">
      <Filter>Table</Filter>
    </ClInclude>
    <ClInclude Include="src\Table\ColumnUpdate.h">
      <Filter>Table</Filter>
    </ClInclude>
    <ClInclude Include="src\SqlParser\parser\bison_parser.h">
      <Filter>SqlParser\parser</Filter>
    </ClInclude>
    <ClInclude Include="src\SqlParser\parser\flex_lexer.h">
      <Filter>SqlParser\parser</Filter>
    </ClInclude>
    <ClInclude Include="src\SqlParser\parser\parser_typedef.h">
      <Filter>SqlParser\parser</Filter>
    </ClInclude>
    <ClInclude Include="src\SqlParser\util\sqlhelper.h">
      <Filter>SqlParser\util</Filter>
    </ClInclude>
    <ClInclude Include="src\SqlParser\sql\AlterStatement.h">
      <Filter>SqlParser\sql</Filter>
    </ClInclude>
    <ClInclude Include="src\SqlParser\sql\ColumnType.h">
      <Filter>SqlParser\sql</Filter>
    </ClInclude>
    <ClInclude Include="src\SqlParser\sql\CreateStatement.h">
      <Filter>SqlParser\sql</Filter>
    </ClInclude>
    <ClInclude Include="src\SqlParser\sql\Table.h">
      <Filter>SqlParser\sql</Filter>
    </ClInclude>
    <ClInclude Include="src\SqlParser\sql\DeleteStatement.h">
      <Filter>SqlParser\sql</Filter>
    </ClInclude>
    <ClInclude Include="src\SqlParser\sql\DropStatement.h">
      <Filter>SqlParser\sql</Filter>
    </ClInclude>
    <ClInclude Include="src\SqlParser\sql\ExecuteStatement.h">
      <Filter>SqlParser\sql</Filter>
    </ClInclude>
    <ClInclude Include="src\SqlParser\sql\ExportStatement.h">
      <Filter>SqlParser\sql</Filter>
    </ClInclude>
    <ClInclude Include="src\SqlParser\sql\Expr.h">
      <Filter>SqlParser\sql</Filter>
    </ClInclude>
    <ClInclude Include="src\SqlParser\sql\ImportExportOptions.h">
      <Filter>SqlParser\sql</Filter>
    </ClInclude>
    <ClInclude Include="src\SqlParser\sql\ImportStatement.h">
      <Filter>SqlParser\sql</Filter>
    </ClInclude>
    <ClInclude Include="src\SqlParser\sql\InsertStatement.h">
      <Filter>SqlParser\sql</Filter>
    </ClInclude>
    <ClInclude Include="src\SqlParser\sql\PrepareStatement.h">
      <Filter>SqlParser\sql</Filter>
    </ClInclude>
    <ClInclude Include="src\SqlParser\sql\ShowStatement.h">
      <Filter>SqlParser\sql</Filter>
    </ClInclude>
    <ClInclude Include="src\SqlParser\sql\SQLStatement.h">
      <Filter>SqlParser\sql</Filter>
    </ClInclude>
    <ClInclude Include="src\SqlParser\sql\statements.h">
      <Filter>SqlParser\sql</Filter>
    </ClInclude>
    <ClInclude Include="src\SqlParser\sql\TransactionStatement.h">
      <Filter>SqlParser\sql</Filter>
    </ClInclude>
    <ClInclude Include="src\SqlParser\sql\UpdateStatement.h">
      <Filter>SqlParser\sql</Filter>
    </ClInclude>
    <ClInclude Include="src\Utils\DateTimeUtils.h">
      <Filter>Utils</Filter>
    </ClInclude>
    <ClInclude Include="src\Table\Columns.h">
      <Filter>Table</Filter>
    </ClInclude>
    <ClInclude Include="src\Statement\Statement.h">
      <Filter>Statement</Filter>
    </ClInclude>
    <ClInclude Include="src\Statement\SelectStatement.h">
      <Filter>Statement</Filter>
    </ClInclude>
    <ClInclude Include="src\SqlParser\sql\SelectStatement.h">
      <Filter>SqlParser\sql</Filter>
    </ClInclude>
    <ClInclude Include="src\Utils\StringUtils.h">
      <Filter>Utils</Filter>
    </ClInclude>
    <ClInclude Include="src\Table\QueryResult.h">
      <Filter>Table</Filter>
    </ClInclude>
    <ClInclude Include="src\Statement\QueryTableInfo.h">
      <Filter>Statement</Filter>
    </ClInclude>
    <ClInclude Include="src\Statement\QueryTablesOrder.h">
      <Filter>Statement</Filter>
    </ClInclude>
    <ClInclude Include="src\Statement\ParsedJoinCondition.h">
      <Filter>Statement</Filter>
    </ClInclude>
    <ClInclude Include="src\Statement\SelectedColumnInfo.h">
      <Filter>Statement</Filter>
    </ClInclude>
    <ClInclude Include="src\Statement\SelectedColumns.h">
      <Filter>Statement</Filter>
    </ClInclude>
  </ItemGroup>
  <ItemGroup>
    <CopyFileToFolders Include="config.ini" />
  </ItemGroup>
  <ItemGroup>
    <None Include="src\SqlParser\parser\bison_parser.y">
      <Filter>SqlParser\parser</Filter>
    </None>
    <None Include="src\SqlParser\parser\flex_lexer.l">
      <Filter>SqlParser\parser</Filter>
    </None>
    <None Include="src\SqlParser\parser\Makefile">
      <Filter>SqlParser\parser</Filter>
    </None>
    <None Include="src\SqlParser\parser\keywordlist_generator.py">
      <Filter>SqlParser\parser</Filter>
    </None>
    <None Include="src\SqlParser\parser\.gitignore">
      <Filter>SqlParser\parser</Filter>
    </None>
  </ItemGroup>
  <ItemGroup>
    <Text Include="src\SqlParser\parser\sql_keywords.txt">
      <Filter>SqlParser\parser</Filter>
    </Text>
  </ItemGroup>
</Project>